
Microsoft Visual Studio Solution File, Format Version 12.00
# Visual Studio Version 17
VisualStudioVersion = 17.7.34003.232
MinimumVisualStudioVersion = 10.0.40219.1
Project("{9A19103F-16F7-4668-BE54-9A1E7A4F7556}") = "LastResume", "LastResume.csproj", "{64400759-1125-4421-BE74-FA8BB92F60EA}"
EndProject
Project("{FAE04EC0-301F-11D3-BF4B-00C04F79EFBC}") = "LastResumeAdmin", "..\LastResumeAdmin\LastResumeAdmin.csproj", "{61B86AF8-A8C3-4245-897F-6D558529A13D}"
EndProject
Project("{FAE04EC0-301F-11D3-BF4B-00C04F79EFBC}") = "LastResume.Business", "..\LastResume.Business\LastResume.Business.csproj", "{F327CCF3-4B46-440B-903B-81F4DC339B35}"
EndProject
Project("{FAE04EC0-301F-11D3-BF4B-00C04F79EFBC}") = "LastResume.Entity", "..\LastResume.Entity\LastResume.Entity.csproj", "{5A03486C-50C6-4380-97E4-5BE8EEFFA471}"
EndProject
Project("{FAE04EC0-301F-11D3-BF4B-00C04F79EFBC}") = "LastResume.Data", "..\LastResume.Data\LastResume.Data.csproj", "{DD06447C-5126-4EA7-B2B3-4E08FAD9CC40}"
EndProject
Global
	GlobalSection(SolutionConfigurationPlatforms) = preSolution
		Debug|Any CPU = Debug|Any CPU
		Release|Any CPU = Release|Any CPU
	EndGlobalSection
	GlobalSection(ProjectConfigurationPlatforms) = postSolution
		{64400759-1125-4421-BE74-FA8BB92F60EA}.Debug|Any CPU.ActiveCfg = Debug|Any CPU
		{64400759-1125-4421-BE74-FA8BB92F60EA}.Debug|Any CPU.Build.0 = Debug|Any CPU
		{64400759-1125-4421-BE74-FA8BB92F60EA}.Release|Any CPU.ActiveCfg = Release|Any CPU
		{64400759-1125-4421-BE74-FA8BB92F60EA}.Release|Any CPU.Build.0 = Release|Any CPU
		{61B86AF8-A8C3-4245-897F-6D558529A13D}.Debug|Any CPU.ActiveCfg = Debug|Any CPU
		{61B86AF8-A8C3-4245-897F-6D558529A13D}.Debug|Any CPU.Build.0 = Debug|Any CPU
		{61B86AF8-A8C3-4245-897F-6D558529A13D}.Release|Any CPU.ActiveCfg = Release|Any CPU
		{61B86AF8-A8C3-4245-897F-6D558529A13D}.Release|Any CPU.Build.0 = Release|Any CPU
		{F327CCF3-4B46-440B-903B-81F4DC339B35}.Debug|Any CPU.ActiveCfg = Debug|Any CPU
		{F327CCF3-4B46-440B-903B-81F4DC339B35}.Debug|Any CPU.Build.0 = Debug|Any CPU
		{F327CCF3-4B46-440B-903B-81F4DC339B35}.Release|Any CPU.ActiveCfg = Release|Any CPU
		{F327CCF3-4B46-440B-903B-81F4DC339B35}.Release|Any CPU.Build.0 = Release|Any CPU
		{5A03486C-50C6-4380-97E4-5BE8EEFFA471}.Debug|Any CPU.ActiveCfg = Debug|Any CPU
		{5A03486C-50C6-4380-97E4-5BE8EEFFA471}.Debug|Any CPU.Build.0 = Debug|Any CPU
		{5A03486C-50C6-4380-97E4-5BE8EEFFA471}.Release|Any CPU.ActiveCfg = Release|Any CPU
		{5A03486C-50C6-4380-97E4-5BE8EEFFA471}.Release|Any CPU.Build.0 = Release|Any CPU
		{DD06447C-5126-4EA7-B2B3-4E08FAD9CC40}.Debug|Any CPU.ActiveCfg = Debug|Any CPU
		{DD06447C-5126-4EA7-B2B3-4E08FAD9CC40}.Debug|Any CPU.Build.0 = Debug|Any CPU
		{DD06447C-5126-4EA7-B2B3-4E08FAD9CC40}.Release|Any CPU.ActiveCfg = Release|Any CPU
		{DD06447C-5126-4EA7-B2B3-4E08FAD9CC40}.Release|Any CPU.Build.0 = Release|Any CPU
	EndGlobalSection
	GlobalSection(SolutionProperties) = preSolution
		HideSolutionNode = FALSE
	EndGlobalSection
	GlobalSection(ExtensibilityGlobals) = postSolution
		SolutionGuid = {026D752F-B144-4E32-AE64-ACA92A6DA83C}
	EndGlobalSection
EndGlobal
